
Microsoft Visual Studio Solution File, Format Version 12.00
# Visual Studio Version 16
VisualStudioVersion = 16.0.32413.511
MinimumVisualStudioVersion = 10.0.40219.1
Project("{FAE04EC0-301F-11D3-BF4B-00C04F79EFBC}") = "Hesapla_Listele_Sırala", "Hesapla_Listele_Sırala\Hesapla_Listele_Sırala.csproj", "{279EC19D-1E3A-4A92-9F37-CB20817B2B83}"
EndProject
Global
	GlobalSection(SolutionConfigurationPlatforms) = preSolution
		Debug|Any CPU = Debug|Any CPU
		Release|Any CPU = Release|Any CPU
	EndGlobalSection
	GlobalSection(ProjectConfigurationPlatforms) = postSolution
		{279EC19D-1E3A-4A92-9F37-CB20817B2B83}.Debug|Any CPU.ActiveCfg = Debug|Any CPU
		{279EC19D-1E3A-4A92-9F37-CB20817B2B83}.Debug|Any CPU.Build.0 = Debug|Any CPU
		{279EC19D-1E3A-4A92-9F37-CB20817B2B83}.Release|Any CPU.ActiveCfg = Release|Any CPU
		{279EC19D-1E3A-4A92-9F37-CB20817B2B83}.Release|Any CPU.Build.0 = Release|Any CPU
	EndGlobalSection
	GlobalSection(SolutionProperties) = preSolution
		HideSolutionNode = FALSE
	EndGlobalSection
	GlobalSection(ExtensibilityGlobals) = postSolution
		SolutionGuid = {F11F7DB2-497D-4584-A342-C40A69EBED89}
	EndGlobalSection
EndGlobal
